# THIS IS AN AUTOGENERATED FILE. DO NOT EDIT THIS FILE DIRECTLY.
# yarn lockfile v1


"@ampproject/remapping@^2.1.0":
  version "2.2.0"
  resolved "http://rnpm.chehejia.com/@ampproject/remapping/download/@ampproject/remapping-2.2.0.tgz#56c133824780de3174aed5ab6834f3026790154d"
  integrity sha1-VsEzgkeA3jF0rtWraDTzAmeQFU0=
  dependencies:
    "@jridgewell/gen-mapping" "^0.1.0"
    "@jridgewell/trace-mapping" "^0.3.9"

"@ant-design/colors@^4.0.5":
  version "4.0.5"
  resolved "http://rnpm.chehejia.com/@ant-design/colors/download/@ant-design/colors-4.0.5.tgz#d7d100d7545cca8f624954604a6892fc48ba5aae"
  integrity sha1-19EA11Rcyo9iSVRgSmiS/Ei6Wq4=
  dependencies:
    tinycolor2 "^1.4.1"

"@antv/algorithm@^0.1.8":
  version "0.1.25"
  resolved "http://rnpm.chehejia.com/@antv/algorithm/download/@antv/algorithm-0.1.25.tgz#1aa88d4909138a2900935f0a9a3cb97bc8db65d2"
  integrity sha1-GqiNSQkTiikAk18Kmjy5e8jbZdI=
  dependencies:
    "@antv/util" "^2.0.13"
    tslib "^2.0.0"

"@antv/dom-util@^2.0.1", "@antv/dom-util@^2.0.2":
  version "2.0.4"
  resolved "http://rnpm.chehejia.com/@antv/dom-util/download/@antv/dom-util-2.0.4.tgz#b09b56c56fec42896fc856edad56b595b47ab514"
  integrity sha1-sJtWxW/sQolvyFbtrVa1lbR6tRQ=
  dependencies:
    tslib "^2.0.3"

"@antv/event-emitter@^0.1.1", "@antv/event-emitter@~0.1.0":
  version "0.1.3"
  resolved "http://rnpm.chehejia.com/@antv/event-emitter/download/@antv/event-emitter-0.1.3.tgz#3e06323b9dcd55a3241ddc7c5458cfabd2095164"
  integrity sha1-PgYyO53NVaMkHdx8VFjPq9IJUWQ=

"@antv/g-base@^0.5.1", "@antv/g-base@^0.5.3":
  version "0.5.11"
  resolved "http://rnpm.chehejia.com/@antv/g-base/download/@antv/g-base-0.5.11.tgz#fe251cfbe557f6c1777787d58c3f2884a42f4934"
  integrity sha1-/iUc++VX9sF3d4fVjD8ohKQvSTQ=
  dependencies:
    "@antv/event-emitter" "^0.1.1"
    "@antv/g-math" "^0.1.6"
    "@antv/matrix-util" "^3.1.0-beta.1"
    "@antv/path-util" "~2.0.5"
    "@antv/util" "~2.0.13"
    "@types/d3-timer" "^2.0.0"
    d3-ease "^1.0.5"
    d3-interpolate "^1.3.2"
    d3-timer "^1.0.9"
    detect-browser "^5.1.0"
    tslib "^2.0.3"

"@antv/g-canvas@^0.5.2":
  version "0.5.12"
  resolved "http://rnpm.chehejia.com/@antv/g-canvas/download/@antv/g-canvas-0.5.12.tgz#2fc40dced6994f074f22341e65d56f7bbd5275f7"
  integrity sha1-L8QNztaZTwdPIjQeZdVve71Sdfc=
  dependencies:
    "@antv/g-base" "^0.5.3"
    "@antv/g-math" "^0.1.6"
    "@antv/matrix-util" "^3.1.0-beta.1"
    "@antv/path-util" "~2.0.5"
    "@antv/util" "~2.0.0"
    gl-matrix "^3.0.0"
    tslib "^2.0.3"

"@antv/g-math@^0.1.1", "@antv/g-math@^0.1.6":
  version "0.1.7"
  resolved "http://rnpm.chehejia.com/@antv/g-math/download/@antv/g-math-0.1.7.tgz#6ec2769269f7ccb67e58140d5739df74046cc04e"
  integrity sha1-bsJ2kmn3zLZ+WBQNVznfdARswE4=
  dependencies:
    "@antv/util" "~2.0.0"
    gl-matrix "^3.0.0"

"@antv/g-svg@^0.5.1", "@antv/g-svg@^0.5.2":
  version "0.5.6"
  resolved "http://rnpm.chehejia.com/@antv/g-svg/download/@antv/g-svg-0.5.6.tgz#70b2fa980c431b39ad3c5b4b53e36a1d60957d65"
  integrity sha1-cLL6mAxDGzmtPFtLU+NqHWCVfWU=
  dependencies:
    "@antv/g-base" "^0.5.3"
    "@antv/g-math" "^0.1.6"
    "@antv/util" "~2.0.0"
    detect-browser "^5.0.0"
    tslib "^2.0.3"

"@antv/g-webgpu-core@^0.5.5", "@antv/g-webgpu-core@^0.5.6":
  version "0.5.6"
  resolved "http://rnpm.chehejia.com/@antv/g-webgpu-core/download/@antv/g-webgpu-core-0.5.6.tgz#68cde0b5d0b44b5794371c2523682f4734da3c6c"
  integrity sha1-aM3gtdC0S1eUNxwlI2gvRzTaPGw=
  dependencies:
    eventemitter3 "^4.0.0"
    gl-matrix "^3.1.0"
    inversify "^5.0.1"
    inversify-inject-decorators "^3.1.0"
    probe.gl "^3.1.1"
    reflect-metadata "^0.1.13"

"@antv/g-webgpu-engine@^0.5.5":
  version "0.5.6"
  resolved "http://rnpm.chehejia.com/@antv/g-webgpu-engine/download/@antv/g-webgpu-engine-0.5.6.tgz#be7c1bf8e4b1822d72a302d628034345e0577bbd"
  integrity sha1-vnwb+OSxgi1yowLWKANDReBXe70=
  dependencies:
    "@antv/g-webgpu-core" "^0.5.6"
    "@webgpu/glslang" "^0.0.15"
    "@webgpu/types" "^0.0.31"
    gl-matrix "^3.1.0"
    hammerjs "^2.0.8"
    inversify "^5.0.1"
    inversify-inject-decorators "^3.1.0"
    probe.gl "^3.1.1"
    reflect-metadata "^0.1.13"
    regl "^1.3.11"

"@antv/g-webgpu@0.5.5":
  version "0.5.5"
  resolved "http://rnpm.chehejia.com/@antv/g-webgpu/download/@antv/g-webgpu-0.5.5.tgz#003d411453ed03e7dd916bd6c6db26a2b53d1991"
  integrity sha1-AD1BFFPtA+fdkWvWxtsmorU9GZE=
  dependencies:
    "@antv/g-webgpu-core" "^0.5.5"
    "@antv/g-webgpu-engine" "^0.5.5"
    "@webgpu/types" "^0.0.31"
    gl-matrix "^3.1.0"
    gl-vec2 "^1.3.0"
    hammerjs "^2.0.8"
    inversify "^5.0.1"
    inversify-inject-decorators "^3.1.0"
    polyline-miter-util "^1.0.1"
    polyline-normals "^2.0.2"
    probe.gl "^3.1.1"
    reflect-metadata "^0.1.13"

"@antv/g6-core@0.7.11":
  version "0.7.11"
  resolved "http://rnpm.chehejia.com/@antv/g6-core/download/@antv/g6-core-0.7.11.tgz#980a6bdb860d161ad0be69545368c1b91d0d1aaa"
  integrity sha1-mApr24YNFhrQvmlUU2jBuR0NGqo=
  dependencies:
    "@antv/algorithm" "^0.1.8"
    "@antv/dom-util" "^2.0.1"
    "@antv/event-emitter" "~0.1.0"
    "@antv/g-base" "^0.5.1"
    "@antv/g-math" "^0.1.1"
    "@antv/matrix-util" "^3.1.0-beta.3"
    "@antv/path-util" "^2.0.3"
    "@antv/util" "~2.0.5"
    ml-matrix "^6.5.0"
    tslib "^2.1.0"

"@antv/g6-element@0.7.11":
  version "0.7.11"
  resolved "http://rnpm.chehejia.com/@antv/g6-element/download/@antv/g6-element-0.7.11.tgz#c93094e87de6ff37f971bec4c0af888c8b3ed17b"
  integrity sha1-yTCU6H3m/zf5cb7EwK+IjIs+0Xs=
  dependencies:
    "@antv/g-base" "^0.5.1"
    "@antv/g6-core" "0.7.11"
    "@antv/util" "~2.0.5"

"@antv/g6-pc@0.7.11":
  version "0.7.11"
  resolved "http://rnpm.chehejia.com/@antv/g6-pc/download/@antv/g6-pc-0.7.11.tgz#b0420892134b2304c0ea6d9b007f555086580458"
  integrity sha1-sEIIkhNLIwTA6m2bAH9VUIZYBFg=
  dependencies:
    "@ant-design/colors" "^4.0.5"
    "@antv/algorithm" "^0.1.8"
    "@antv/dom-util" "^2.0.1"
    "@antv/event-emitter" "~0.1.0"
    "@antv/g-base" "^0.5.1"
    "@antv/g-canvas" "^0.5.2"
    "@antv/g-math" "^0.1.1"
    "@antv/g-svg" "^0.5.1"
    "@antv/g6-core" "0.7.11"
    "@antv/g6-element" "0.7.11"
    "@antv/g6-plugin" "0.7.11"
    "@antv/hierarchy" "^0.6.7"
    "@antv/layout" "^0.3.0"
    "@antv/matrix-util" "^3.1.0-beta.3"
    "@antv/path-util" "^2.0.3"
    "@antv/util" "~2.0.5"
    color "^3.1.3"
    d3-force "^2.0.1"
    dagre "^0.8.5"
    insert-css "^2.0.0"
    ml-matrix "^6.5.0"

"@antv/g6-plugin@0.7.11":
  version "0.7.11"
  resolved "http://rnpm.chehejia.com/@antv/g6-plugin/download/@antv/g6-plugin-0.7.11.tgz#2ee2dfe75163363fc8d84edf9bbc4c6b0fb34947"
  integrity sha1-LuLf51FjNj/I2E7fm7xMaw+zSUc=
  dependencies:
    "@antv/dom-util" "^2.0.2"
    "@antv/g-base" "^0.5.1"
    "@antv/g-canvas" "^0.5.2"
    "@antv/g-svg" "^0.5.2"
    "@antv/g6-core" "0.7.11"
    "@antv/g6-element" "0.7.11"
    "@antv/matrix-util" "^3.1.0-beta.3"
    "@antv/path-util" "^2.0.3"
    "@antv/scale" "^0.3.4"
    "@antv/util" "^2.0.9"
    insert-css "^2.0.0"

"@antv/g6@^4.7.11":
  version "4.7.11"
  resolved "http://rnpm.chehejia.com/@antv/g6/download/@antv/g6-4.7.11.tgz#15f5aff3f9eb6e2c9d0d983b7c6ecfa620ac3212"
  integrity sha1-FfWv8/nrbiydDZg7fG7PpiCsMhI=
  dependencies:
    "@antv/g6-pc" "0.7.11"

"@antv/graphlib@^1.0.0":
  version "1.0.2"
  resolved "http://rnpm.chehejia.com/@antv/graphlib/download/@antv/graphlib-1.0.2.tgz#b31510429576de072398b83cdca170fc2210a4eb"
  integrity sha1-sxUQQpV23gcjmLg83KFw/CIQpOs=

"@antv/hierarchy@^0.6.7":
  version "0.6.8"
  resolved "http://rnpm.chehejia.com/@antv/hierarchy/download/@antv/hierarchy-0.6.8.tgz#b77c490a9c2dd6da186cbacee0e7887b8c1b3fa4"
  integrity sha1-t3xJCpwt1toYbLrO4OeIe4wbP6Q=
  dependencies:
    "@antv/util" "^2.0.7"

"@antv/layout@^0.3.0":
  version "0.3.2"
  resolved "http://rnpm.chehejia.com/@antv/layout/download/@antv/layout-0.3.2.tgz#1442ca7a00a2acdc6f6cf7c6b8dd9694421b3508"
  integrity sha1-FELKegCirNxvbPfGuN2WlEIbNQg=
  dependencies:
    "@antv/g-webgpu" "0.5.5"
    "@antv/graphlib" "^1.0.0"
    d3-force "^2.1.1"
    d3-quadtree "^2.0.0"
    dagre-compound "^0.0.11"
    ml-matrix "^6.5.0"

"@antv/matrix-util@^3.0.4":
  version "3.0.4"
  resolved "http://rnpm.chehejia.com/@antv/matrix-util/download/@antv/matrix-util-3.0.4.tgz#ea13f158aa2fb4ba2fb8d6b6b561ec467ea3ac20"
  integrity sha1-6hPxWKovtLovuNa2tWHsRn6jrCA=
  dependencies:
    "@antv/util" "^2.0.9"
    gl-matrix "^3.3.0"
    tslib "^2.0.3"

"@antv/matrix-util@^3.1.0-beta.1", "@antv/matrix-util@^3.1.0-beta.3":
  version "3.1.0-beta.3"
  resolved "http://rnpm.chehejia.com/@antv/matrix-util/download/@antv/matrix-util-3.1.0-beta.3.tgz#e061de8fa7be04605a155c69cc5ce9082eedddee"
  integrity sha1-4GHej6e+BGBaFVxpzFzpCC7t3e4=
  dependencies:
    "@antv/util" "^2.0.9"
    gl-matrix "^3.4.3"
    tslib "^2.0.3"

"@antv/path-util@^2.0.3", "@antv/path-util@~2.0.5":
  version "2.0.15"
  resolved "http://rnpm.chehejia.com/@antv/path-util/download/@antv/path-util-2.0.15.tgz#a6f691dfc8b7bce5be7f0aabb5bd614964325631"
  integrity sha1-pvaR38i3vOW+fwqrtb1hSWQyVjE=
  dependencies:
    "@antv/matrix-util" "^3.0.4"
    "@antv/util" "^2.0.9"
    tslib "^2.0.3"

"@antv/scale@^0.3.4":
  version "0.3.18"
  resolved "http://rnpm.chehejia.com/@antv/scale/download/@antv/scale-0.3.18.tgz#b911f431b3e0b9547b6a65f66d0d3fa295b5ef32"
  integrity sha1-uRH0MbPguVR7amX2bQ0/opW17zI=
  dependencies:
    "@antv/util" "~2.0.3"
    fecha "~4.2.0"
    tslib "^2.0.0"

"@antv/util@^2.0.13", "@antv/util@^2.0.7", "@antv/util@^2.0.9", "@antv/util@~2.0.0", "@antv/util@~2.0.13", "@antv/util@~2.0.3", "@antv/util@~2.0.5":
  version "2.0.17"
  resolved "http://rnpm.chehejia.com/@antv/util/download/@antv/util-2.0.17.tgz#e8ef42aca7892815b229269f3dd10c6b3c7597a9"
  integrity sha1-6O9CrKeJKBWyKSafPdEMazx1l6k=
  dependencies:
    csstype "^3.0.8"
    tslib "^2.0.3"

"@babel/code-frame@^7.18.6":
  version "7.18.6"
  resolved "http://rnpm.chehejia.com/@babel/code-frame/download/@babel/code-frame-7.18.6.tgz#3b25d38c89600baa2dcc219edfa88a74eb2c427a"
  integrity sha1-OyXTjIlgC6otzCGe36iKdOssQno=
  dependencies:
    "@babel/highlight" "^7.18.6"

"@babel/compat-data@^7.20.0":
  version "7.20.1"
  resolved "http://rnpm.chehejia.com/@babel/compat-data/download/@babel/compat-data-7.20.1.tgz#f2e6ef7790d8c8dbf03d379502dcc246dcce0b30"
  integrity sha1-8ubvd5DYyNvwPTeVAtzCRtzOCzA=

"@babel/core@^7.17.10":
  version "7.20.2"
  resolved "http://rnpm.chehejia.com/@babel/core/download/@babel/core-7.20.2.tgz#8dc9b1620a673f92d3624bd926dc49a52cf25b92"
  integrity sha1-jcmxYgpnP5LTYkvZJtxJpSzyW5I=
  dependencies:
    "@ampproject/remapping" "^2.1.0"
    "@babel/code-frame" "^7.18.6"
    "@babel/generator" "^7.20.2"
    "@babel/helper-compilation-targets" "^7.20.0"
    "@babel/helper-module-transforms" "^7.20.2"
    "@babel/helpers" "^7.20.1"
    "@babel/parser" "^7.20.2"
    "@babel/template" "^7.18.10"
    "@babel/traverse" "^7.20.1"
    "@babel/types" "^7.20.2"
    convert-source-map "^1.7.0"
    debug "^4.1.0"
    gensync "^1.0.0-beta.2"
    json5 "^2.2.1"
    semver "^6.3.0"

"@babel/generator@^7.20.1", "@babel/generator@^7.20.2":
  version "7.20.3"
  resolved "http://rnpm.chehejia.com/@babel/generator/download/@babel/generator-7.20.3.tgz#e58c9ae2f7bf7fdf4899160cf1e04400a82cd641"
  integrity sha1-5Yya4ve/f99ImRYM8eBEAKgs1kE=
  dependencies:
    "@babel/types" "^7.20.2"
    "@jridgewell/gen-mapping" "^0.3.2"
    jsesc "^2.5.1"

"@babel/helper-annotate-as-pure@^7.18.6":
  version "7.18.6"
  resolved "http://rnpm.chehejia.com/@babel/helper-annotate-as-pure/download/@babel/helper-annotate-as-pure-7.18.6.tgz#eaa49f6f80d5a33f9a5dd2276e6d6e451be0a6bb"
  integrity sha1-6qSfb4DVoz+aXdInbm1uRRvgprs=
  dependencies:
    "@babel/types" "^7.18.6"

"@babel/helper-compilation-targets@^7.20.0":
  version "7.20.0"
  resolved "http://rnpm.chehejia.com/@babel/helper-compilation-targets/download/@babel/helper-compilation-targets-7.20.0.tgz#6bf5374d424e1b3922822f1d9bdaa43b1a139d0a"
  integrity sha1-a/U3TUJOGzkigi8dm9qkOxoTnQo=
  dependencies:
    "@babel/compat-data" "^7.20.0"
    "@babel/helper-validator-option" "^7.18.6"
    browserslist "^4.21.3"
    semver "^6.3.0"

"@babel/helper-environment-visitor@^7.18.9":
  version "7.18.9"
  resolved "http://rnpm.chehejia.com/@babel/helper-environment-visitor/download/@babel/helper-environment-visitor-7.18.9.tgz#0c0cee9b35d2ca190478756865bb3528422f51be"
  integrity sha1-DAzumzXSyhkEeHVoZbs1KEIvUb4=

"@babel/helper-function-name@^7.19.0":
  version "7.19.0"
  resolved "http://rnpm.chehejia.com/@babel/helper-function-name/download/@babel/helper-function-name-7.19.0.tgz#941574ed5390682e872e52d3f38ce9d1bef4648c"
  integrity sha1-lBV07VOQaC6HLlLT84zp0b70ZIw=
  dependencies:
    "@babel/template" "^7.18.10"
    "@babel/types" "^7.19.0"

"@babel/helper-hoist-variables@^7.18.6":
  version "7.18.6"
  resolved "http://rnpm.chehejia.com/@babel/helper-hoist-variables/download/@babel/helper-hoist-variables-7.18.6.tgz#d4d2c8fb4baeaa5c68b99cc8245c56554f926678"
  integrity sha1-1NLI+0uuqlxouZzIJFxWVU+SZng=
  dependencies:
    "@babel/types" "^7.18.6"

"@babel/helper-module-imports@^7.18.6":
  version "7.18.6"
  resolved "http://rnpm.chehejia.com/@babel/helper-module-imports/download/@babel/helper-module-imports-7.18.6.tgz#1e3ebdbbd08aad1437b428c50204db13c5a3ca6e"
  integrity sha1-Hj69u9CKrRQ3tCjFAgTbE8Wjym4=
  dependencies:
    "@babel/types" "^7.18.6"

"@babel/helper-module-transforms@^7.20.2":
  version "7.20.2"
  resolved "http://rnpm.chehejia.com/@babel/helper-module-transforms/download/@babel/helper-module-transforms-7.20.2.tgz#ac53da669501edd37e658602a21ba14c08748712"
  integrity sha1-rFPaZpUB7dN+ZYYCohuhTAh0hxI=
  dependencies:
    "@babel/helper-environment-visitor" "^7.18.9"
    "@babel/helper-module-imports" "^7.18.6"
    "@babel/helper-simple-access" "^7.20.2"
    "@babel/helper-split-export-declaration" "^7.18.6"
    "@babel/helper-validator-identifier" "^7.19.1"
    "@babel/template" "^7.18.10"
    "@babel/traverse" "^7.20.1"
    "@babel/types" "^7.20.2"

"@babel/helper-plugin-utils@^7.18.6", "@babel/helper-plugin-utils@^7.19.0":
  version "7.20.2"
  resolved "http://rnpm.chehejia.com/@babel/helper-plugin-utils/download/@babel/helper-plugin-utils-7.20.2.tgz#d1b9000752b18d0877cff85a5c376ce5c3121629"
  integrity sha1-0bkAB1KxjQh3z/haXDds5cMSFik=

"@babel/helper-simple-access@^7.20.2":
  version "7.20.2"
  resolved "http://rnpm.chehejia.com/@babel/helper-simple-access/download/@babel/helper-simple-access-7.20.2.tgz#0ab452687fe0c2cfb1e2b9e0015de07fc2d62dd9"
  integrity sha1-CrRSaH/gws+x4rngAV3gf8LWLdk=
  dependencies:
    "@babel/types" "^7.20.2"

"@babel/helper-split-export-declaration@^7.18.6":
  version "7.18.6"
  resolved "http://rnpm.chehejia.com/@babel/helper-split-export-declaration/download/@babel/helper-split-export-declaration-7.18.6.tgz#7367949bc75b20c6d5a5d4a97bba2824ae8ef075"
  integrity sha1-c2eUm8dbIMbVpdSpe7ooJK6O8HU=
  dependencies:
    "@babel/types" "^7.18.6"

"@babel/helper-string-parser@^7.19.4":
  version "7.19.4"
  resolved "http://rnpm.chehejia.com/@babel/helper-string-parser/download/@babel/helper-string-parser-7.19.4.tgz#38d3acb654b4701a9b77fb0615a96f775c3a9e63"
  integrity sha1-ONOstlS0cBqbd/sGFalvd1w6nmM=

"@babel/helper-validator-identifier@^7.18.6", "@babel/helper-validator-identifier@^7.19.1":
  version "7.19.1"
  resolved "http://rnpm.chehejia.com/@babel/helper-validator-identifier/download/@babel/helper-validator-identifier-7.19.1.tgz#7eea834cf32901ffdc1a7ee555e2f9c27e249ca2"
  integrity sha1-fuqDTPMpAf/cGn7lVeL5wn4knKI=

"@babel/helper-validator-option@^7.18.6":
  version "7.18.6"
  resolved "http://rnpm.chehejia.com/@babel/helper-validator-option/download/@babel/helper-validator-option-7.18.6.tgz#bf0d2b5a509b1f336099e4ff36e1a63aa5db4db8"
  integrity sha1-vw0rWlCbHzNgmeT/NuGmOqXbTbg=

"@babel/helpers@^7.20.1":
  version "7.20.1"
  resolved "http://rnpm.chehejia.com/@babel/helpers/download/@babel/helpers-7.20.1.tgz#2ab7a0fcb0a03b5bf76629196ed63c2d7311f4c9"
  integrity sha1-Kreg/LCgO1v3ZikZbtY8LXMR9Mk=
  dependencies:
    "@babel/template" "^7.18.10"
    "@babel/traverse" "^7.20.1"
    "@babel/types" "^7.20.0"

"@babel/highlight@^7.18.6":
  version "7.18.6"
  resolved "http://rnpm.chehejia.com/@babel/highlight/download/@babel/highlight-7.18.6.tgz#81158601e93e2563795adcbfbdf5d64be3f2ecdf"
  integrity sha1-gRWGAek+JWN5Wty/vfXWS+Py7N8=
  dependencies:
    "@babel/helper-validator-identifier" "^7.18.6"
    chalk "^2.0.0"
    js-tokens "^4.0.0"

"@babel/parser@^7.18.10", "@babel/parser@^7.20.1", "@babel/parser@^7.20.2":
  version "7.20.3"
  resolved "http://rnpm.chehejia.com/@babel/parser/download/@babel/parser-7.20.3.tgz#5358cf62e380cf69efcb87a7bb922ff88bfac6e2"
  integrity sha1-U1jPYuOAz2nvy4enu5Iv+Iv6xuI=

"@babel/plugin-syntax-jsx@^7.18.6":
  version "7.18.6"
  resolved "http://rnpm.chehejia.com/@babel/plugin-syntax-jsx/download/@babel/plugin-syntax-jsx-7.18.6.tgz#a8feef63b010150abd97f1649ec296e849943ca0"
  integrity sha1-qP7vY7AQFQq9l/FknsKW6EmUPKA=
  dependencies:
    "@babel/helper-plugin-utils" "^7.18.6"

"@babel/plugin-transform-react-jsx-development@^7.16.7":
  version "7.18.6"
  resolved "http://rnpm.chehejia.com/@babel/plugin-transform-react-jsx-development/download/@babel/plugin-transform-react-jsx-development-7.18.6.tgz#dbe5c972811e49c7405b630e4d0d2e1380c0ddc5"
  integrity sha1-2+XJcoEeScdAW2MOTQ0uE4DA3cU=
  dependencies:
    "@babel/plugin-transform-react-jsx" "^7.18.6"

"@babel/plugin-transform-react-jsx-self@^7.16.7":
  version "7.18.6"
  resolved "http://rnpm.chehejia.com/@babel/plugin-transform-react-jsx-self/download/@babel/plugin-transform-react-jsx-self-7.18.6.tgz#3849401bab7ae8ffa1e3e5687c94a753fc75bda7"
  integrity sha1-OElAG6t66P+h4+VofJSnU/x1vac=
  dependencies:
    "@babel/helper-plugin-utils" "^7.18.6"

"@babel/plugin-transform-react-jsx-source@^7.16.7":
  version "7.18.6"
  resolved "http://rnpm.chehejia.com/@babel/plugin-transform-react-jsx-source/download/@babel/plugin-transform-react-jsx-source-7.18.6.tgz#06e9ae8a14d2bc19ce6e3c447d842032a50598fc"
  integrity sha1-BumuihTSvBnObjxEfYQgMqUFmPw=
  dependencies:
    "@babel/helper-plugin-utils" "^7.18.6"

"@babel/plugin-transform-react-jsx@^7.17.3", "@babel/plugin-transform-react-jsx@^7.18.6":
  version "7.19.0"
  resolved "http://rnpm.chehejia.com/@babel/plugin-transform-react-jsx/download/@babel/plugin-transform-react-jsx-7.19.0.tgz#b3cbb7c3a00b92ec8ae1027910e331ba5c500eb9"
  integrity sha1-s8u3w6ALkuyK4QJ5EOMxulxQDrk=
  dependencies:
    "@babel/helper-annotate-as-pure" "^7.18.6"
    "@babel/helper-module-imports" "^7.18.6"
    "@babel/helper-plugin-utils" "^7.19.0"
    "@babel/plugin-syntax-jsx" "^7.18.6"
    "@babel/types" "^7.19.0"

"@babel/runtime@^7.0.0":
  version "7.20.1"
  resolved "http://rnpm.chehejia.com/@babel/runtime/download/@babel/runtime-7.20.1.tgz#1148bb33ab252b165a06698fde7576092a78b4a9"
  integrity sha1-EUi7M6slKxZaBmmP3nV2CSp4tKk=
  dependencies:
    regenerator-runtime "^0.13.10"

"@babel/template@^7.18.10":
  version "7.18.10"
  resolved "http://rnpm.chehejia.com/@babel/template/download/@babel/template-7.18.10.tgz#6f9134835970d1dbf0835c0d100c9f38de0c5e71"
  integrity sha1-b5E0g1lw0dvwg1wNEAyfON4MXnE=
  dependencies:
    "@babel/code-frame" "^7.18.6"
    "@babel/parser" "^7.18.10"
    "@babel/types" "^7.18.10"

"@babel/traverse@^7.20.1":
  version "7.20.1"
  resolved "http://rnpm.chehejia.com/@babel/traverse/download/@babel/traverse-7.20.1.tgz#9b15ccbf882f6d107eeeecf263fbcdd208777ec8"
  integrity sha1-mxXMv4gvbRB+7uzyY/vN0gh3fsg=
  dependencies:
    "@babel/code-frame" "^7.18.6"
    "@babel/generator" "^7.20.1"
    "@babel/helper-environment-visitor" "^7.18.9"
    "@babel/helper-function-name" "^7.19.0"
    "@babel/helper-hoist-variables" "^7.18.6"
    "@babel/helper-split-export-declaration" "^7.18.6"
    "@babel/parser" "^7.20.1"
    "@babel/types" "^7.20.0"
    debug "^4.1.0"
    globals "^11.1.0"

"@babel/types@^7.18.10", "@babel/types@^7.18.6", "@babel/types@^7.19.0", "@babel/types@^7.20.0", "@babel/types@^7.20.2":
  version "7.20.2"
  resolved "http://rnpm.chehejia.com/@babel/types/download/@babel/types-7.20.2.tgz#67ac09266606190f496322dbaff360fdaa5e7842"
  integrity sha1-Z6wJJmYGGQ9JYyLbr/Ng/apeeEI=
  dependencies:
    "@babel/helper-string-parser" "^7.19.4"
    "@babel/helper-validator-identifier" "^7.19.1"
    to-fast-properties "^2.0.0"

"@jridgewell/gen-mapping@^0.1.0":
  version "0.1.1"
  resolved "http://rnpm.chehejia.com/@jridgewell/gen-mapping/download/@jridgewell/gen-mapping-0.1.1.tgz#e5d2e450306a9491e3bd77e323e38d7aff315996"
  integrity sha1-5dLkUDBqlJHjvXfjI+ONev8xWZY=
  dependencies:
    "@jridgewell/set-array" "^1.0.0"
    "@jridgewell/sourcemap-codec" "^1.4.10"

"@jridgewell/gen-mapping@^0.3.2":
  version "0.3.2"
  resolved "http://rnpm.chehejia.com/@jridgewell/gen-mapping/download/@jridgewell/gen-mapping-0.3.2.tgz#c1aedc61e853f2bb9f5dfe6d4442d3b565b253b9"
  integrity sha1-wa7cYehT8rufXf5tRELTtWWyU7k=
  dependencies:
    "@jridgewell/set-array" "^1.0.1"
    "@jridgewell/sourcemap-codec" "^1.4.10"
    "@jridgewell/trace-mapping" "^0.3.9"

"@jridgewell/resolve-uri@3.1.0":
  version "3.1.0"
  resolved "http://rnpm.chehejia.com/@jridgewell/resolve-uri/download/@jridgewell/resolve-uri-3.1.0.tgz#2203b118c157721addfe69d47b70465463066d78"
  integrity sha1-IgOxGMFXchrd/mnUe3BGVGMGbXg=

"@jridgewell/set-array@^1.0.0", "@jridgewell/set-array@^1.0.1":
  version "1.1.2"
  resolved "http://rnpm.chehejia.com/@jridgewell/set-array/download/@jridgewell/set-array-1.1.2.tgz#7c6cf998d6d20b914c0a55a91ae928ff25965e72"
  integrity sha1-fGz5mNbSC5FMClWpGuko/yWWXnI=

"@jridgewell/sourcemap-codec@1.4.14", "@jridgewell/sourcemap-codec@^1.4.10":
  version "1.4.14"
  resolved "http://rnpm.chehejia.com/@jridgewell/sourcemap-codec/download/@jridgewell/sourcemap-codec-1.4.14.tgz#add4c98d341472a289190b424efbdb096991bb24"
  integrity sha1-rdTJjTQUcqKJGQtCTvvbCWmRuyQ=

"@jridgewell/trace-mapping@^0.3.9":
  version "0.3.17"
  resolved "http://rnpm.chehejia.com/@jridgewell/trace-mapping/download/@jridgewell/trace-mapping-0.3.17.tgz#793041277af9073b0951a7fe0f0d8c4c98c36985"
  integrity sha1-eTBBJ3r5BzsJUaf+Dw2MTJjDaYU=
  dependencies:
    "@jridgewell/resolve-uri" "3.1.0"
    "@jridgewell/sourcemap-codec" "1.4.14"

"@probe.gl/env@3.5.0":
  version "3.5.0"
  resolved "http://rnpm.chehejia.com/@probe.gl/env/download/@probe.gl/env-3.5.0.tgz#c6d8fbf414fda3eba7b3813cc274e76245216fe0"
  integrity sha1-xtj79BT9o+uns4E8wnTnYkUhb+A=
  dependencies:
    "@babel/runtime" "^7.0.0"

"@probe.gl/log@3.5.0":
  version "3.5.0"
  resolved "http://rnpm.chehejia.com/@probe.gl/log/download/@probe.gl/log-3.5.0.tgz#6589822ab771eadf77787ffc6ecf73e59d181c64"
  integrity sha1-ZYmCKrdx6t93eH/8bs9z5Z0YHGQ=
  dependencies:
    "@babel/runtime" "^7.0.0"
    "@probe.gl/env" "3.5.0"

"@probe.gl/stats@3.5.0":
  version "3.5.0"
  resolved "http://rnpm.chehejia.com/@probe.gl/stats/download/@probe.gl/stats-3.5.0.tgz#774495772f06e898aae28c1d315c9edac07f3425"
  integrity sha1-d0SVdy8G6Jiq4owdMVye2sB/NCU=
  dependencies:
    "@babel/runtime" "^7.0.0"

"@rollup/pluginutils@^4.2.1":
  version "4.2.1"
  resolved "http://rnpm.chehejia.com/@rollup/pluginutils/download/@rollup/pluginutils-4.2.1.tgz#e6c6c3aba0744edce3fb2074922d3776c0af2a6d"
  integrity sha1-5sbDq6B0Ttzj+yB0ki03dsCvKm0=
  dependencies:
    estree-walker "^2.0.1"
    picomatch "^2.2.2"

"@types/d3-timer@^2.0.0":
  version "2.0.1"
  resolved "http://rnpm.chehejia.com/@types/d3-timer/download/@types/d3-timer-2.0.1.tgz#ffb6620d290624f3726aa362c0c8a4b44c8d7200"
  integrity sha1-/7ZiDSkGJPNyaqNiwMiktEyNcgA=

"@vitejs/plugin-react@^1.0.7":
  version "1.3.2"
  resolved "http://rnpm.chehejia.com/@vitejs/plugin-react/download/@vitejs/plugin-react-1.3.2.tgz#2fcf0b6ce9bcdcd4cec5c760c199779d5657ece1"
  integrity sha1-L88LbOm83NTOxcdgwZl3nVZX7OE=
  dependencies:
    "@babel/core" "^7.17.10"
    "@babel/plugin-transform-react-jsx" "^7.17.3"
    "@babel/plugin-transform-react-jsx-development" "^7.16.7"
    "@babel/plugin-transform-react-jsx-self" "^7.16.7"
    "@babel/plugin-transform-react-jsx-source" "^7.16.7"
    "@rollup/pluginutils" "^4.2.1"
    react-refresh "^0.13.0"
    resolve "^1.22.0"

"@webgpu/glslang@^0.0.15":
  version "0.0.15"
  resolved "http://rnpm.chehejia.com/@webgpu/glslang/download/@webgpu/glslang-0.0.15.tgz#f5ccaf6015241e6175f4b90906b053f88483d1f2"
  integrity sha1-9cyvYBUkHmF19LkJBrBT+ISD0fI=

"@webgpu/types@^0.0.31":
  version "0.0.31"
  resolved "http://rnpm.chehejia.com/@webgpu/types/download/@webgpu/types-0.0.31.tgz#c05ec6e60024bf1836f31236ecd7677a969a2a2c"
  integrity sha1-wF7G5gAkvxg28xI27NdnepaaKiw=

ansi-styles@^3.2.1:
  version "3.2.1"
  resolved "http://rnpm.chehejia.com/ansi-styles/download/ansi-styles-3.2.1.tgz#41fbb20243e50b12be0f04b8dedbf07520ce841d"
  integrity sha1-QfuyAkPlCxK+DwS43tvwdSDOhB0=
  dependencies:
    color-convert "^1.9.0"

browserslist@^4.21.3:
  version "4.21.4"
  resolved "http://rnpm.chehejia.com/browserslist/download/browserslist-4.21.4.tgz#e7496bbc67b9e39dd0f98565feccdcb0d4ff6987"
  integrity sha1-50lrvGe5453Q+YVl/szcsNT/aYc=
  dependencies:
    caniuse-lite "^1.0.30001400"
    electron-to-chromium "^1.4.251"
    node-releases "^2.0.6"
    update-browserslist-db "^1.0.9"

caniuse-lite@^1.0.30001400:
  version "1.0.30001418"
  resolved "http://rnpm.chehejia.com/caniuse-lite/download/caniuse-lite-1.0.30001418.tgz#5f459215192a024c99e3e3a53aac310fc7cf24e6"
  integrity sha1-X0WSFRkqAkyZ4+OlOqwxD8fPJOY=

chalk@^2.0.0:
  version "2.4.2"
  resolved "http://rnpm.chehejia.com/chalk/download/chalk-2.4.2.tgz#cd42541677a54333cf541a49108c1432b44c9424"
  integrity sha1-zUJUFnelQzPPVBpJEIwUMrRMlCQ=
  dependencies:
    ansi-styles "^3.2.1"
    escape-string-regexp "^1.0.5"
    supports-color "^5.3.0"

color-convert@^1.9.0, color-convert@^1.9.3:
  version "1.9.3"
  resolved "http://rnpm.chehejia.com/color-convert/download/color-convert-1.9.3.tgz#bb71850690e1f136567de629d2d5471deda4c1e8"
  integrity sha1-u3GFBpDh8TZWfeYp0tVHHe2kweg=
  dependencies:
    color-name "1.1.3"

color-name@1.1.3:
  version "1.1.3"
  resolved "http://rnpm.chehejia.com/color-name/download/color-name-1.1.3.tgz#a7d0558bd89c42f795dd42328f740831ca53bc25"
  integrity sha1-p9BVi9icQveV3UIyj3QIMcpTvCU=

color-name@^1.0.0:
  version "1.1.4"
  resolved "http://rnpm.chehejia.com/color-name/download/color-name-1.1.4.tgz#c2a09a87acbde69543de6f63fa3995c826c536a2"
  integrity sha1-wqCah6y95pVD3m9j+jmVyCbFNqI=

color-string@^1.6.0:
  version "1.9.1"
  resolved "http://rnpm.chehejia.com/color-string/download/color-string-1.9.1.tgz#4467f9146f036f855b764dfb5bf8582bf342c7a4"
  integrity sha1-RGf5FG8Db4Vbdk37W/hYK/NCx6Q=
  dependencies:
    color-name "^1.0.0"
    simple-swizzle "^0.2.2"

color@^3.1.3:
  version "3.2.1"
  resolved "http://rnpm.chehejia.com/color/download/color-3.2.1.tgz#3544dc198caf4490c3ecc9a790b54fe9ff45e164"
  integrity sha1-NUTcGYyvRJDD7MmnkLVP6f9F4WQ=
  dependencies:
    color-convert "^1.9.3"
    color-string "^1.6.0"

convert-source-map@^1.7.0:
  version "1.9.0"
  resolved "http://rnpm.chehejia.com/convert-source-map/download/convert-source-map-1.9.0.tgz#7faae62353fb4213366d0ca98358d22e8368b05f"
  integrity sha1-f6rmI1P7QhM2bQypg1jSLoNosF8=

csstype@^3.0.8:
  version "3.1.1"
  resolved "http://rnpm.chehejia.com/csstype/download/csstype-3.1.1.tgz#841b532c45c758ee546a11d5bd7b7b473c8c30b9"
  integrity sha1-hBtTLEXHWO5UahHVvXt7RzyMMLk=

d3-color@1:
  version "1.4.1"
  resolved "http://rnpm.chehejia.com/d3-color/download/d3-color-1.4.1.tgz#c52002bf8846ada4424d55d97982fef26eb3bc8a"
  integrity sha1-xSACv4hGraRCTVXZeYL+8m6zvIo=

"d3-dispatch@1 - 2":
  version "2.0.0"
  resolved "http://rnpm.chehejia.com/d3-dispatch/download/d3-dispatch-2.0.0.tgz#8a18e16f76dd3fcaef42163c97b926aa9b55e7cf"
  integrity sha1-ihjhb3bdP8rvQhY8l7kmqptV588=

d3-ease@^1.0.5:
  version "1.0.7"
  resolved "http://rnpm.chehejia.com/d3-ease/download/d3-ease-1.0.7.tgz#9a834890ef8b8ae8c558b2fe55bd57f5993b85e2"
  integrity sha1-moNIkO+LiujFWLL+Vb1X9Zk7heI=

d3-force@^2.0.1, d3-force@^2.1.1:
  version "2.1.1"
  resolved "http://rnpm.chehejia.com/d3-force/download/d3-force-2.1.1.tgz#f20ccbf1e6c9e80add1926f09b51f686a8bc0937"
  integrity sha1-8gzL8ebJ6ArdGSbwm1H2hqi8CTc=
  dependencies:
    d3-dispatch "1 - 2"
    d3-quadtree "1 - 2"
    d3-timer "1 - 2"

d3-interpolate@^1.3.2:
  version "1.4.0"
  resolved "http://rnpm.chehejia.com/d3-interpolate/download/d3-interpolate-1.4.0.tgz#526e79e2d80daa383f9e0c1c1c7dcc0f0583e987"
  integrity sha1-Um554tgNqjg/ngwcHH3MDwWD6Yc=
  dependencies:
    d3-color "1"

"d3-quadtree@1 - 2", d3-quadtree@^2.0.0:
  version "2.0.0"
  resolved "http://rnpm.chehejia.com/d3-quadtree/download/d3-quadtree-2.0.0.tgz#edbad045cef88701f6fee3aee8e93fb332d30f9d"
  integrity sha1-7brQRc74hwH2/uOu6Ok/szLTD50=

"d3-timer@1 - 2":
  version "2.0.0"
  resolved "http://rnpm.chehejia.com/d3-timer/download/d3-timer-2.0.0.tgz#055edb1d170cfe31ab2da8968deee940b56623e6"
  integrity sha1-BV7bHRcM/jGrLaiWje7pQLVmI+Y=

d3-timer@^1.0.9:
  version "1.0.10"
  resolved "http://rnpm.chehejia.com/d3-timer/download/d3-timer-1.0.10.tgz#dfe76b8a91748831b13b6d9c793ffbd508dd9de5"
  integrity sha1-3+dripF0iDGxO22ceT/71QjdneU=

dagre-compound@^0.0.11:
  version "0.0.11"
  resolved "http://rnpm.chehejia.com/dagre-compound/download/dagre-compound-0.0.11.tgz#8d3d1004d756f420582d29f28c92045375018987"
  integrity sha1-jT0QBNdW9CBYLSnyjJIEU3UBiYc=

dagre@^0.8.5:
  version "0.8.5"
  resolved "http://rnpm.chehejia.com/dagre/download/dagre-0.8.5.tgz#ba30b0055dac12b6c1fcc247817442777d06afee"
  integrity sha1-ujCwBV2sErbB/MJHgXRCd30Gr+4=
  dependencies:
    graphlib "^2.1.8"
    lodash "^4.17.15"

debug@^4.1.0:
  version "4.3.4"
  resolved "http://rnpm.chehejia.com/debug/download/debug-4.3.4.tgz#1319f6579357f2338d3337d2cdd4914bb5dcc865"
  integrity sha1-Exn2V5NX8jONMzfSzdSRS7XcyGU=
  dependencies:
    ms "2.1.2"

detect-browser@^5.0.0, detect-browser@^5.1.0:
  version "5.3.0"
  resolved "http://rnpm.chehejia.com/detect-browser/download/detect-browser-5.3.0.tgz#9705ef2bddf46072d0f7265a1fe300e36fe7ceca"
  integrity sha1-lwXvK930YHLQ9yZaH+MA42/nzso=

electron-to-chromium@^1.4.251:
  version "1.4.253"
  resolved "http://rnpm.chehejia.com/electron-to-chromium/download/electron-to-chromium-1.4.253.tgz#3402fd2159530fc6d94237f1b9535fa7bebaf399"
  integrity sha1-NAL9IVlTD8bZQjfxuVNfp76685k=

esbuild-android-arm64@0.13.15:
  version "0.13.15"
  resolved "http://rnpm.chehejia.com/esbuild-android-arm64/download/esbuild-android-arm64-0.13.15.tgz#3fc3ff0bab76fe35dd237476b5d2b32bb20a3d44"
  integrity sha1-P8P/C6t2/jXdI3R2tdKzK7IKPUQ=

esbuild-darwin-64@0.13.15:
  version "0.13.15"
  resolved "http://rnpm.chehejia.com/esbuild-darwin-64/download/esbuild-darwin-64-0.13.15.tgz#8e9169c16baf444eacec60d09b24d11b255a8e72"
  integrity sha1-jpFpwWuvRE6s7GDQmyTRGyVajnI=

esbuild-darwin-arm64@0.13.15:
  version "0.13.15"
  resolved "http://rnpm.chehejia.com/esbuild-darwin-arm64/download/esbuild-darwin-arm64-0.13.15.tgz#1b07f893b632114f805e188ddfca41b2b778229a"
  integrity sha1-Gwf4k7YyEU+AXhiN38pBsrd4Ipo=

esbuild-freebsd-64@0.13.15:
  version "0.13.15"
  resolved "http://rnpm.chehejia.com/esbuild-freebsd-64/download/esbuild-freebsd-64-0.13.15.tgz#0b8b7eca1690c8ec94c75680c38c07269c1f4a85"
  integrity sha1-C4t+yhaQyOyUx1aAw4wHJpwfSoU=

esbuild-freebsd-arm64@0.13.15:
  version "0.13.15"
  resolved "http://rnpm.chehejia.com/esbuild-freebsd-arm64/download/esbuild-freebsd-arm64-0.13.15.tgz#2e1a6c696bfdcd20a99578b76350b41db1934e52"
  integrity sha1-LhpsaWv9zSCplXi3Y1C0HbGTTlI=

esbuild-linux-32@0.13.15:
  version "0.13.15"
  resolved "http://rnpm.chehejia.com/esbuild-linux-32/download/esbuild-linux-32-0.13.15.tgz#6fd39f36fc66dd45b6b5f515728c7bbebc342a69"
  integrity sha1-b9OfNvxm3UW2tfUVcox7vrw0Kmk=

esbuild-linux-64@0.13.15:
  version "0.13.15"
  resolved "http://rnpm.chehejia.com/esbuild-linux-64/download/esbuild-linux-64-0.13.15.tgz#9cb8e4bcd7574e67946e4ee5f1f1e12386bb6dd3"
  integrity sha1-nLjkvNdXTmeUbk7l8fHhI4a7bdM=

esbuild-linux-arm64@0.13.15:
  version "0.13.15"
  resolved "http://rnpm.chehejia.com/esbuild-linux-arm64/download/esbuild-linux-arm64-0.13.15.tgz#3891aa3704ec579a1b92d2a586122e5b6a2bfba1"
  integrity sha1-OJGqNwTsV5obktKlhhIuW2or+6E=

esbuild-linux-arm@0.13.15:
  version "0.13.15"
  resolved "http://rnpm.chehejia.com/esbuild-linux-arm/download/esbuild-linux-arm-0.13.15.tgz#8a00e99e6a0c6c9a6b7f334841364d8a2b4aecfe"
  integrity sha1-igDpnmoMbJprfzNIQTZNiitK7P4=

esbuild-linux-mips64le@0.13.15:
  version "0.13.15"
  resolved "http://rnpm.chehejia.com/esbuild-linux-mips64le/download/esbuild-linux-mips64le-0.13.15.tgz#36b07cc47c3d21e48db3bb1f4d9ef8f46aead4f7"
  integrity sha1-NrB8xHw9IeSNs7sfTZ749Grq1Pc=

esbuild-linux-ppc64le@0.13.15:
  version "0.13.15"
  resolved "http://rnpm.chehejia.com/esbuild-linux-ppc64le/download/esbuild-linux-ppc64le-0.13.15.tgz#f7e6bba40b9a11eb9dcae5b01550ea04670edad2"
  integrity sha1-9+a7pAuaEeudyuWwFVDqBGcO2tI=

esbuild-netbsd-64@0.13.15:
  version "0.13.15"
  resolved "http://rnpm.chehejia.com/esbuild-netbsd-64/download/esbuild-netbsd-64-0.13.15.tgz#a2fedc549c2b629d580a732d840712b08d440038"
  integrity sha1-ov7cVJwrYp1YCnMthAcSsI1EADg=

esbuild-openbsd-64@0.13.15:
  version "0.13.15"
  resolved "http://rnpm.chehejia.com/esbuild-openbsd-64/download/esbuild-openbsd-64-0.13.15.tgz#b22c0e5806d3a1fbf0325872037f885306b05cd7"
  integrity sha1-siwOWAbTofvwMlhyA3+IUwawXNc=

esbuild-sunos-64@0.13.15:
  version "0.13.15"
  resolved "http://rnpm.chehejia.com/esbuild-sunos-64/download/esbuild-sunos-64-0.13.15.tgz#d0b6454a88375ee8d3964daeff55c85c91c7cef4"
  integrity sha1-0LZFSog3XujTlk2u/1XIXJHHzvQ=

esbuild-windows-32@0.13.15:
  version "0.13.15"
  resolved "http://rnpm.chehejia.com/esbuild-windows-32/download/esbuild-windows-32-0.13.15.tgz#c96d0b9bbb52f3303322582ef8e4847c5ad375a7"
  integrity sha1-yW0Lm7tS8zAzIlgu+OSEfFrTdac=

esbuild-windows-64@0.13.15:
  version "0.13.15"
  resolved "http://rnpm.chehejia.com/esbuild-windows-64/download/esbuild-windows-64-0.13.15.tgz#1f79cb9b1e1bb02fb25cd414cb90d4ea2892c294"
  integrity sha1-H3nLmx4bsC+yXNQUy5DU6iiSwpQ=

esbuild-windows-arm64@0.13.15:
  version "0.13.15"
  resolved "http://rnpm.chehejia.com/esbuild-windows-arm64/download/esbuild-windows-arm64-0.13.15.tgz#482173070810df22a752c686509c370c3be3b3c3"
  integrity sha1-SCFzBwgQ3yKnUsaGUJw3DDvjs8M=

esbuild@^0.13.12:
  version "0.13.15"
  resolved "http://rnpm.chehejia.com/esbuild/download/esbuild-0.13.15.tgz#db56a88166ee373f87dbb2d8798ff449e0450cdf"
  integrity sha1-21aogWbuNz+H27LYeY/0SeBFDN8=
  optionalDependencies:
    esbuild-android-arm64 "0.13.15"
    esbuild-darwin-64 "0.13.15"
    esbuild-darwin-arm64 "0.13.15"
    esbuild-freebsd-64 "0.13.15"
    esbuild-freebsd-arm64 "0.13.15"
    esbuild-linux-32 "0.13.15"
    esbuild-linux-64 "0.13.15"
    esbuild-linux-arm "0.13.15"
    esbuild-linux-arm64 "0.13.15"
    esbuild-linux-mips64le "0.13.15"
    esbuild-linux-ppc64le "0.13.15"
    esbuild-netbsd-64 "0.13.15"
    esbuild-openbsd-64 "0.13.15"
    esbuild-sunos-64 "0.13.15"
    esbuild-windows-32 "0.13.15"
    esbuild-windows-64 "0.13.15"
    esbuild-windows-arm64 "0.13.15"

escalade@^3.1.1:
  version "3.1.1"
  resolved "http://rnpm.chehejia.com/escalade/download/escalade-3.1.1.tgz#d8cfdc7000965c5a0174b4a82eaa5c0552742e40"
  integrity sha1-2M/ccACWXFoBdLSoLqpcBVJ0LkA=

escape-string-regexp@^1.0.5:
  version "1.0.5"
  resolved "http://rnpm.chehejia.com/escape-string-regexp/download/escape-string-regexp-1.0.5.tgz#1b61c0562190a8dff6ae3bb2cf0200ca130b86d4"
  integrity sha1-G2HAViGQqN/2rjuyzwIAyhMLhtQ=

estree-walker@^2.0.1:
  version "2.0.2"
  resolved "http://rnpm.chehejia.com/estree-walker/download/estree-walker-2.0.2.tgz#52f010178c2a4c117a7757cfe942adb7d2da4cac"
  integrity sha1-UvAQF4wqTBF6d1fP6UKtt9LaTKw=

eventemitter3@^4.0.0:
  version "4.0.7"
  resolved "http://rnpm.chehejia.com/eventemitter3/download/eventemitter3-4.0.7.tgz#2de9b68f6528d5644ef5c59526a1b4a07306169f"
  integrity sha1-Lem2j2Uo1WRO9cWVJqG0oHMGFp8=

fecha@~4.2.0:
  version "4.2.3"
  resolved "http://rnpm.chehejia.com/fecha/download/fecha-4.2.3.tgz#4d9ccdbc61e8629b259fdca67e65891448d569fd"
  integrity sha1-TZzNvGHoYpsln9ymfmWJFEjVaf0=

fsevents@~2.3.2:
  version "2.3.2"
  resolved "http://rnpm.chehejia.com/fsevents/download/fsevents-2.3.2.tgz#8a526f78b8fdf4623b709e0b975c52c24c02fd1a"
  integrity sha1-ilJveLj99GI7cJ4Ll1xSwkwC/Ro=

function-bind@^1.1.1:
  version "1.1.1"
  resolved "http://rnpm.chehejia.com/function-bind/download/function-bind-1.1.1.tgz#a56899d3ea3c9bab874bb9773b7c5ede92f4895d"
  integrity sha1-pWiZ0+o8m6uHS7l3O3xe3pL0iV0=

gensync@^1.0.0-beta.2:
  version "1.0.0-beta.2"
  resolved "http://rnpm.chehejia.com/gensync/download/gensync-1.0.0-beta.2.tgz#32a6ee76c3d7f52d46b2b1ae5d93fea8580a25e0"
  integrity sha1-MqbudsPX9S1GsrGuXZP+qFgKJeA=

gl-matrix@^3.0.0, gl-matrix@^3.1.0, gl-matrix@^3.3.0, gl-matrix@^3.4.3:
  version "3.4.3"
  resolved "http://rnpm.chehejia.com/gl-matrix/download/gl-matrix-3.4.3.tgz#fc1191e8320009fd4d20e9339595c6041ddc22c9"
  integrity sha1-/BGR6DIACf1NIOkzlZXGBB3cIsk=

gl-vec2@^1.0.0, gl-vec2@^1.3.0:
  version "1.3.0"
  resolved "http://rnpm.chehejia.com/gl-vec2/download/gl-vec2-1.3.0.tgz#83d472ed46034de8e09cbc857123fb6c81c51199"
  integrity sha1-g9Ry7UYDTejgnLyFcSP7bIHFEZk=

globals@^11.1.0:
  version "11.12.0"
  resolved "http://rnpm.chehejia.com/globals/download/globals-11.12.0.tgz#ab8795338868a0babd8525758018c2a7eb95c42e"
  integrity sha1-q4eVM4hooLq9hSV1gBjCp+uVxC4=

graphlib@^2.1.8:
  version "2.1.8"
  resolved "http://rnpm.chehejia.com/graphlib/download/graphlib-2.1.8.tgz#5761d414737870084c92ec7b5dbcb0592c9d35da"
  integrity sha1-V2HUFHN4cAhMkux7XbywWSydNdo=
  dependencies:
    lodash "^4.17.15"

hammerjs@^2.0.8:
  version "2.0.8"
  resolved "http://rnpm.chehejia.com/hammerjs/download/hammerjs-2.0.8.tgz#04ef77862cff2bb79d30f7692095930222bf60f1"
  integrity sha1-BO93hiz/K7edMPdpIJWTAiK/YPE=

has-flag@^3.0.0:
  version "3.0.0"
  resolved "http://rnpm.chehejia.com/has-flag/download/has-flag-3.0.0.tgz#b5d454dc2199ae225699f3467e5a07f3b955bafd"
  integrity sha1-tdRU3CGZriJWmfNGfloH87lVuv0=

has@^1.0.3:
  version "1.0.3"
  resolved "http://rnpm.chehejia.com/has/download/has-1.0.3.tgz#722d7cbfc1f6aa8241f16dd814e011e1f41e8796"
  integrity sha1-ci18v8H2qoJB8W3YFOAR4fQeh5Y=
  dependencies:
    function-bind "^1.1.1"

insert-css@^2.0.0:
  version "2.0.0"
  resolved "http://rnpm.chehejia.com/insert-css/download/insert-css-2.0.0.tgz#eb5d1097b7542f4c79ea3060d3aee07d053880f4"
  integrity sha1-610Ql7dUL0x56jBg067gfQU4gPQ=

inversify-inject-decorators@^3.1.0:
  version "3.1.0"
  resolved "http://rnpm.chehejia.com/inversify-inject-decorators/download/inversify-inject-decorators-3.1.0.tgz#d9941080bad77cec8a65ee29d905e4d5d73e1e95"
  integrity sha1-2ZQQgLrXfOyKZe4p2QXk1dc+HpU=

inversify@^5.0.1:
  version "5.1.1"
  resolved "http://rnpm.chehejia.com/inversify/download/inversify-5.1.1.tgz#6fbd668c591337404e005a1946bfe0d802c08730"
  integrity sha1-b71mjFkTN0BOAFoZRr/g2ALAhzA=

is-any-array@^2.0.0:
  version "2.0.0"
  resolved "http://rnpm.chehejia.com/is-any-array/download/is-any-array-2.0.0.tgz#e71bc13741537c06afac03c07885967ef56d8742"
  integrity sha1-5xvBN0FTfAavrAPAeIWWfvVth0I=

is-arrayish@^0.3.1:
  version "0.3.2"
  resolved "http://rnpm.chehejia.com/is-arrayish/download/is-arrayish-0.3.2.tgz#4574a2ae56f7ab206896fb431eaeed066fdf8f03"
  integrity sha1-RXSirlb3qyBolvtDHq7tBm/fjwM=

is-core-module@^2.9.0:
  version "2.11.0"
  resolved "http://rnpm.chehejia.com/is-core-module/download/is-core-module-2.11.0.tgz#ad4cb3e3863e814523c96f3f58d26cc570ff0144"
  integrity sha1-rUyz44Y+gUUjyW8/WNJsxXD/AUQ=
  dependencies:
    has "^1.0.3"

"js-tokens@^3.0.0 || ^4.0.0", js-tokens@^4.0.0:
  version "4.0.0"
  resolved "http://rnpm.chehejia.com/js-tokens/download/js-tokens-4.0.0.tgz#19203fb59991df98e3a287050d4647cdeaf32499"
  integrity sha1-GSA/tZmR35jjoocFDUZHzerzJJk=

jsesc@^2.5.1:
  version "2.5.2"
  resolved "http://rnpm.chehejia.com/jsesc/download/jsesc-2.5.2.tgz#80564d2e483dacf6e8ef209650a67df3f0c283a4"
  integrity sha1-gFZNLkg9rPbo7yCWUKZ98/DCg6Q=

json5@^2.2.1:
  version "2.2.1"
  resolved "http://rnpm.chehejia.com/json5/download/json5-2.2.1.tgz#655d50ed1e6f95ad1a3caababd2b0efda10b395c"
  integrity sha1-ZV1Q7R5vla0aPKq6vSsO/aELOVw=

lodash@^4.17.15:
  version "4.17.21"
  resolved "http://rnpm.chehejia.com/lodash/download/lodash-4.17.21.tgz#679591c564c3bffaae8454cf0b3df370c3d6911c"
  integrity sha1-Z5WRxWTDv/quhFTPCz3zcMPWkRw=

loose-envify@^1.1.0:
  version "1.4.0"
  resolved "http://rnpm.chehejia.com/loose-envify/download/loose-envify-1.4.0.tgz#71ee51fa7be4caec1a63839f7e682d8132d30caf"
  integrity sha1-ce5R+nvkyuwaY4OffmgtgTLTDK8=
  dependencies:
    js-tokens "^3.0.0 || ^4.0.0"

ml-array-max@^1.2.4:
  version "1.2.4"
  resolved "http://rnpm.chehejia.com/ml-array-max/download/ml-array-max-1.2.4.tgz#2373e2b7e51c8807e456cc0ef364c5863713623b"
  integrity sha1-I3Pit+UciAfkVswO82TFhjcTYjs=
  dependencies:
    is-any-array "^2.0.0"

ml-array-min@^1.2.3:
  version "1.2.3"
  resolved "http://rnpm.chehejia.com/ml-array-min/download/ml-array-min-1.2.3.tgz#662f027c400105816b849cc3cd786915d0801495"
  integrity sha1-Zi8CfEABBYFrhJzDzXhpFdCAFJU=
  dependencies:
    is-any-array "^2.0.0"

ml-array-rescale@^1.3.7:
  version "1.3.7"
  resolved "http://rnpm.chehejia.com/ml-array-rescale/download/ml-array-rescale-1.3.7.tgz#c4d129320d113a732e62dd963dc1695bba9a5340"
  integrity sha1-xNEpMg0ROnMuYt2WPcFpW7qaU0A=
  dependencies:
    is-any-array "^2.0.0"
    ml-array-max "^1.2.4"
    ml-array-min "^1.2.3"

ml-matrix@^6.5.0:
  version "6.10.4"
  resolved "http://rnpm.chehejia.com/ml-matrix/download/ml-matrix-6.10.4.tgz#babee344b20062d9c123aa801c2e5d0d0c7477f6"
  integrity sha1-ur7jRLIAYtnBI6qAHC5dDQx0d/Y=
  dependencies:
    is-any-array "^2.0.0"
    ml-array-rescale "^1.3.7"

ms@2.1.2:
  version "2.1.2"
  resolved "http://rnpm.chehejia.com/ms/download/ms-2.1.2.tgz#d09d1f357b443f493382a8eb3ccd183872ae6009"
  integrity sha1-0J0fNXtEP0kzgqjrPM0YOHKuYAk=

nanoid@^3.3.4:
  version "3.3.4"
  resolved "http://rnpm.chehejia.com/nanoid/download/nanoid-3.3.4.tgz#730b67e3cd09e2deacf03c027c81c9d9dbc5e8ab"
  integrity sha1-cwtn480J4t6s8DwCfIHJ2dvF6Ks=

node-releases@^2.0.6:
  version "2.0.6"
  resolved "http://rnpm.chehejia.com/node-releases/download/node-releases-2.0.6.tgz#8a7088c63a55e493845683ebf3c828d8c51c5503"
  integrity sha1-inCIxjpV5JOEVoPr88go2MUcVQM=

object-assign@^4.1.1:
  version "4.1.1"
  resolved "http://rnpm.chehejia.com/object-assign/download/object-assign-4.1.1.tgz#2109adc7965887cfc05cbbd442cac8bfbb360863"
  integrity sha1-IQmtx5ZYh8/AXLvUQsrIv7s2CGM=

path-parse@^1.0.7:
  version "1.0.7"
  resolved "http://rnpm.chehejia.com/path-parse/download/path-parse-1.0.7.tgz#fbc114b60ca42b30d9daf5858e4bd68bbedb6735"
  integrity sha1-+8EUtgykKzDZ2vWFjkvWi77bZzU=

picocolors@^1.0.0:
  version "1.0.0"
  resolved "http://rnpm.chehejia.com/picocolors/download/picocolors-1.0.0.tgz#cb5bdc74ff3f51892236eaf79d68bc44564ab81c"
  integrity sha1-y1vcdP8/UYkiNur3nWi8RFZKuBw=

picomatch@^2.2.2:
  version "2.3.1"
  resolved "http://rnpm.chehejia.com/picomatch/download/picomatch-2.3.1.tgz#3ba3833733646d9d3e4995946c1365a67fb07a42"
  integrity sha1-O6ODNzNkbZ0+SZWUbBNlpn+wekI=

polyline-miter-util@^1.0.1:
  version "1.0.1"
  resolved "http://rnpm.chehejia.com/polyline-miter-util/download/polyline-miter-util-1.0.1.tgz#b693f2389ea0ded36a6bcf5ecd2ece4b6917d957"
  integrity sha1-tpPyOJ6g3tNqa89ezS7OS2kX2Vc=
  dependencies:
    gl-vec2 "^1.0.0"

polyline-normals@^2.0.2:
  version "2.0.2"
  resolved "http://rnpm.chehejia.com/polyline-normals/download/polyline-normals-2.0.2.tgz#a1737e75d8c0dccb1a591f9cb27f09eef4b7d135"
  integrity sha1-oXN+ddjA3MsaWR+csn8J7vS30TU=
  dependencies:
    polyline-miter-util "^1.0.1"

postcss@^8.4.5:
  version "8.4.18"
  resolved "http://rnpm.chehejia.com/postcss/download/postcss-8.4.18.tgz#6d50046ea7d3d66a85e0e782074e7203bc7fbca2"
  integrity sha1-bVAEbqfT1mqF4OeCB05yA7x/vKI=
  dependencies:
    nanoid "^3.3.4"
    picocolors "^1.0.0"
    source-map-js "^1.0.2"

probe.gl@^3.1.1:
  version "3.5.0"
  resolved "http://rnpm.chehejia.com/probe.gl/download/probe.gl-3.5.0.tgz#084c0ef3a233e1c055cd8a88efb67abb11eba483"
  integrity sha1-CEwO86Iz4cBVzYqI77Z6uxHrpIM=
  dependencies:
    "@babel/runtime" "^7.0.0"
    "@probe.gl/env" "3.5.0"
    "@probe.gl/log" "3.5.0"
    "@probe.gl/stats" "3.5.0"

react-dom@^17.0.2:
  version "17.0.2"
  resolved "http://rnpm.chehejia.com/react-dom/download/react-dom-17.0.2.tgz#ecffb6845e3ad8dbfcdc498f0d0a939736502c23"
  integrity sha1-7P+2hF462Nv83EmPDQqTlzZQLCM=
  dependencies:
    loose-envify "^1.1.0"
    object-assign "^4.1.1"
    scheduler "^0.20.2"

react-refresh@^0.13.0:
  version "0.13.0"
  resolved "http://rnpm.chehejia.com/react-refresh/download/react-refresh-0.13.0.tgz#cbd01a4482a177a5da8d44c9755ebb1f26d5a1c1"
  integrity sha1-y9AaRIKhd6XajUTJdV67HybVocE=

react@^17.0.2:
  version "17.0.2"
  resolved "http://rnpm.chehejia.com/react/download/react-17.0.2.tgz#d0b5cc516d29eb3eee383f75b62864cfb6800037"
  integrity sha1-0LXMUW0p6z7uOD91tihkz7aAADc=
  dependencies:
    loose-envify "^1.1.0"
    object-assign "^4.1.1"

reflect-metadata@^0.1.13:
  version "0.1.13"
  resolved "http://rnpm.chehejia.com/reflect-metadata/download/reflect-metadata-0.1.13.tgz#67ae3ca57c972a2aa1642b10fe363fe32d49dc08"
  integrity sha1-Z648pXyXKiqhZCsQ/jY/4y1J3Ag=

regenerator-runtime@^0.13.10:
  version "0.13.10"
  resolved "http://rnpm.chehejia.com/regenerator-runtime/download/regenerator-runtime-0.13.10.tgz#ed07b19616bcbec5da6274ebc75ae95634bfc2ee"
  integrity sha1-7Qexlha8vsXaYnTrx1rpVjS/wu4=

regl@^1.3.11:
  version "1.7.0"
  resolved "http://rnpm.chehejia.com/regl/download/regl-1.7.0.tgz#0d185431044a356bf80e9b775b11b935ef2746d3"
  integrity sha1-DRhUMQRKNWv4Dpt3WxG5Ne8nRtM=

resolve@^1.20.0, resolve@^1.22.0:
  version "1.22.1"
  resolved "http://rnpm.chehejia.com/resolve/download/resolve-1.22.1.tgz#27cb2ebb53f91abb49470a928bba7558066ac177"
  integrity sha1-J8suu1P5GrtJRwqSi7p1WAZqwXc=
  dependencies:
    is-core-module "^2.9.0"
    path-parse "^1.0.7"
    supports-preserve-symlinks-flag "^1.0.0"

rollup@^2.59.0:
  version "2.66.1"
  resolved "http://rnpm.chehejia.com/rollup/download/rollup-2.66.1.tgz#366b0404de353c4331d538c3ad2963934fcb4937"
  integrity sha1-NmsEBN41PEMx1TjDrSljk0/LSTc=
  optionalDependencies:
    fsevents "~2.3.2"

scheduler@^0.20.2:
  version "0.20.2"
  resolved "http://rnpm.chehejia.com/scheduler/download/scheduler-0.20.2.tgz#4baee39436e34aa93b4874bddcbf0fe8b8b50e91"
  integrity sha1-S67jlDbjSqk7SHS93L8P6Li1DpE=
  dependencies:
    loose-envify "^1.1.0"
    object-assign "^4.1.1"

semver@^6.3.0:
  version "6.3.0"
  resolved "http://rnpm.chehejia.com/semver/download/semver-6.3.0.tgz#ee0a64c8af5e8ceea67687b133761e1becbd1d3d"
  integrity sha1-7gpkyK9ejO6mdoexM3YeG+y9HT0=

simple-swizzle@^0.2.2:
  version "0.2.2"
  resolved "http://rnpm.chehejia.com/simple-swizzle/download/simple-swizzle-0.2.2.tgz#a4da6b635ffcccca33f70d17cb92592de95e557a"
  integrity sha1-pNprY1/8zMoz9w0Xy5JZLeleVXo=
  dependencies:
    is-arrayish "^0.3.1"

source-map-js@^1.0.2:
  version "1.0.2"
  resolved "http://rnpm.chehejia.com/source-map-js/download/source-map-js-1.0.2.tgz#adbc361d9c62df380125e7f161f71c826f1e490c"
  integrity sha1-rbw2HZxi3zgBJefxYfccgm8eSQw=

supports-color@^5.3.0:
  version "5.5.0"
  resolved "http://rnpm.chehejia.com/supports-color/download/supports-color-5.5.0.tgz#e2e69a44ac8772f78a1ec0b35b689df6530efc8f"
  integrity sha1-4uaaRKyHcveKHsCzW2id9lMO/I8=
  dependencies:
    has-flag "^3.0.0"

supports-preserve-symlinks-flag@^1.0.0:
  version "1.0.0"
  resolved "http://rnpm.chehejia.com/supports-preserve-symlinks-flag/download/supports-preserve-symlinks-flag-1.0.0.tgz#6eda4bd344a3c94aea376d4cc31bc77311039e09"
  integrity sha1-btpL00SjyUrqN21MwxvHcxEDngk=

tinycolor2@^1.4.1:
  version "1.4.2"
  resolved "http://rnpm.chehejia.com/tinycolor2/download/tinycolor2-1.4.2.tgz#3f6a4d1071ad07676d7fa472e1fac40a719d8803"
  integrity sha1-P2pNEHGtB2dtf6Ry4frECnGdiAM=

to-fast-properties@^2.0.0:
  version "2.0.0"
  resolved "http://rnpm.chehejia.com/to-fast-properties/download/to-fast-properties-2.0.0.tgz#dc5e698cbd079265bc73e0377681a4e4e83f616e"
  integrity sha1-3F5pjL0HkmW8c+A3doGk5Og/YW4=

tslib@^2.0.0, tslib@^2.0.3, tslib@^2.1.0:
  version "2.4.1"
  resolved "http://rnpm.chehejia.com/tslib/download/tslib-2.4.1.tgz#0d0bfbaac2880b91e22df0768e55be9753a5b17e"
  integrity sha1-DQv7qsKIC5HiLfB2jlW+l1OlsX4=

update-browserslist-db@^1.0.9:
  version "1.0.9"
  resolved "http://rnpm.chehejia.com/update-browserslist-db/download/update-browserslist-db-1.0.9.tgz#2924d3927367a38d5c555413a7ce138fc95fcb18"
  integrity sha1-KSTTknNno41cVVQTp84Tj8lfyxg=
  dependencies:
    escalade "^3.1.1"
    picocolors "^1.0.0"

vite@^2.7.2:
  version "2.7.13"
  resolved "http://rnpm.chehejia.com/vite/download/vite-2.7.13.tgz#99b56e27dfb1e4399e407cf94648f5c7fb9d77f5"
  integrity sha1-mbVuJ9+x5DmeQHz5Rkj1x/udd/U=
  dependencies:
    esbuild "^0.13.12"
    postcss "^8.4.5"
    resolve "^1.20.0"
    rollup "^2.59.0"
  optionalDependencies:
    fsevents "~2.3.2"
